
Microsoft Visual Studio Solution File, Format Version 12.00
# Visual Studio Version 17
VisualStudioVersion = 17.8.34408.163
MinimumVisualStudioVersion = 10.0.40219.1
Project("{9A19103F-16F7-4668-BE54-9A1E7A4F7556}") = "BlazorTodo", "BlazorTodo.csproj", "{AEB76E17-E90F-4FC0-8270-32D682D46FA9}"
EndProject
Project("{9A19103F-16F7-4668-BE54-9A1E7A4F7556}") = "TodoListBlazor", "..\TodoListBlazor\TodoListBlazor.csproj", "{C608E6EF-05BC-4C1B-87C2-21C2DC894EEB}"
EndProject
Global
	GlobalSection(SolutionConfigurationPlatforms) = preSolution
		Debug|Any CPU = Debug|Any CPU
		Release|Any CPU = Release|Any CPU
	EndGlobalSection
	GlobalSection(ProjectConfigurationPlatforms) = postSolution
		{AEB76E17-E90F-4FC0-8270-32D682D46FA9}.Debug|Any CPU.ActiveCfg = Debug|Any CPU
		{AEB76E17-E90F-4FC0-8270-32D682D46FA9}.Debug|Any CPU.Build.0 = Debug|Any CPU
		{AEB76E17-E90F-4FC0-8270-32D682D46FA9}.Release|Any CPU.ActiveCfg = Release|Any CPU
		{AEB76E17-E90F-4FC0-8270-32D682D46FA9}.Release|Any CPU.Build.0 = Release|Any CPU
		{C608E6EF-05BC-4C1B-87C2-21C2DC894EEB}.Debug|Any CPU.ActiveCfg = Debug|Any CPU
		{C608E6EF-05BC-4C1B-87C2-21C2DC894EEB}.Debug|Any CPU.Build.0 = Debug|Any CPU
		{C608E6EF-05BC-4C1B-87C2-21C2DC894EEB}.Release|Any CPU.ActiveCfg = Release|Any CPU
		{C608E6EF-05BC-4C1B-87C2-21C2DC894EEB}.Release|Any CPU.Build.0 = Release|Any CPU
	EndGlobalSection
	GlobalSection(SolutionProperties) = preSolution
		HideSolutionNode = FALSE
	EndGlobalSection
	GlobalSection(ExtensibilityGlobals) = postSolution
		SolutionGuid = {AE0A8D84-DD92-4866-ACDC-FE0735B30130}
	EndGlobalSection
EndGlobal
